{
  "name": "dsh-session-delete",
  "version": "0.2.0",
  "lockfileVersion": 3,
  "requires": true,
  "packages": {
    "": {
      "name": "dsh-session-delete",
      "version": "0.2.0",
      "license": "MIT",
      "dependencies": {
        "dsh-session-delete": "file:dsh-session-delete-0.2.0.tgz"
      },
      "engines": {
        "node": ">=20"
      }
    },
    "node_modules/dsh-session-delete": {
      "version": "0.2.0",
      "resolved": "file:dsh-session-delete-0.2.0.tgz",
      "integrity": "sha512-6NXqKWq4f0PnGDHsuoTN9dvJJKQoEmABB88HHEsb4jA1UWh/R9/KL8H92p5/b29tx5/hmMCN41oA3S5+/MnY2g==",
      "license": "MIT",
      "engines": {
        "node": ">=20"
      }
    }
  }
}
